// !$*UTF8*$!
{
	archiveVersion = 1;
	classes = {
	};
	objectVersion = 46;
	objects = {

/* Begin PBXBuildFile section */
		4CAD7D487CC52DE15CDEE039 /* libPods-SocialSecurityTests.a in Frameworks */ = {isa = PBXBuildFile; fileRef = CB3C229430D913CD705F6BFF /* libPods-SocialSecurityTests.a */; };
		9E24F1D66E8B3882BF960211 /* libPods-SocialSecurityUITests.a in Frameworks */ = {isa = PBXBuildFile; fileRef = 8D9FBE17461896B1FFFB8F5C /* libPods-SocialSecurityUITests.a */; };
		ED98F0C77251C077B5B07E6E /* libPods-SocialSecurity.a in Frameworks */ = {isa = PBXBuildFile; fileRef = DE33F3DE18CA2332D8540299 /* libPods-SocialSecurity.a */; };
		F3B033CA1C814F27008479B9 /* main.m in Sources */ = {isa = PBXBuildFile; fileRef = F3B033C91C814F27008479B9 /* main.m */; };
		F3B033CD1C814F27008479B9 /* AppDelegate.m in Sources */ = {isa = PBXBuildFile; fileRef = F3B033CC1C814F27008479B9 /* AppDelegate.m */; };
		F3B033D01C814F27008479B9 /* ViewController.m in Sources */ = {isa = PBXBuildFile; fileRef = F3B033CF1C814F27008479B9 /* ViewController.m */; };
		F3B033D31C814F27008479B9 /* Main.storyboard in Resources */ = {isa = PBXBuildFile; fileRef = F3B033D11C814F27008479B9 /* Main.storyboard */; };
		F3B033D51C814F27008479B9 /* Assets.xcassets in Resources */ = {isa = PBXBuildFile; fileRef = F3B033D41C814F27008479B9 /* Assets.xcassets */; };
		F3B033D81C814F27008479B9 /* LaunchScreen.storyboard in Resources */ = {isa = PBXBuildFile; fileRef = F3B033D61C814F27008479B9 /* LaunchScreen.storyboard */; };
		F3B033E31C814F27008479B9 /* SocialSecurityTests.m in Sources */ = {isa = PBXBuildFile; fileRef = F3B033E21C814F27008479B9 /* SocialSecurityTests.m */; };
		F3B033EE1C814F27008479B9 /* SocialSecurityUITests.m in Sources */ = {isa = PBXBuildFile; fileRef = F3B033ED1C814F27008479B9 /* SocialSecurityUITests.m */; };
/* End PBXBuildFile section */

/* Begin PBXContainerItemProxy section */
		F3B033DF1C814F27008479B9 /* PBXContainerItemProxy */ = {
			isa = PBXContainerItemProxy;
			containerPortal = F3B033BD1C814F27008479B9 /* Project object */;
			proxyType = 1;
			remoteGlobalIDString = F3B033C41C814F27008479B9;
			remoteInfo = SocialSecurity;
		};
		F3B033EA1C814F27008479B9 /* PBXContainerItemProxy */ = {
			isa = PBXContainerItemProxy;
			containerPortal = F3B033BD1C814F27008479B9 /* Project object */;
			proxyType = 1;
			remoteGlobalIDString = F3B033C41C814F27008479B9;
			remoteInfo = SocialSecurity;
		};
/* End PBXContainerItemProxy section */

/* Begin PBXFileReference section */
		0BAD873F34D5472C34116F7D /* Pods-SocialSecurity.release.xcconfig */ = {isa = PBXFileReference; includeInIndex = 1; lastKnownFileType = text.xcconfig; name = "Pods-SocialSecurity.release.xcconfig"; path = "Pods/Target Support Files/Pods-SocialSecurity/Pods-SocialSecurity.release.xcconfig"; sourceTree = "<group>"; };
		536AA6965EA30B6DF5F18CDB /* Pods-SocialSecurityUITests.release.xcconfig */ = {isa = PBXFileReference; includeInIndex = 1; lastKnownFileType = text.xcconfig; name = "Pods-SocialSecurityUITests.release.xcconfig"; path = "Pods/Target Support Files/Pods-SocialSecurityUITests/Pods-SocialSecurityUITests.release.xcconfig"; sourceTree = "<group>"; };
		6D9894179DA1427BE07E617E /* Pods-SocialSecurityTests.debug.xcconfig */ = {isa = PBXFileReference; includeInIndex = 1; lastKnownFileType = text.xcconfig; name = "Pods-SocialSecurityTests.debug.xcconfig"; path = "Pods/Target Support Files/Pods-SocialSecurityTests/Pods-SocialSecurityTests.debug.xcconfig"; sourceTree = "<group>"; };
		8D9FBE17461896B1FFFB8F5C /* libPods-SocialSecurityUITests.a */ = {isa = PBXFileReference; explicitFileType = archive.ar; includeInIndex = 0; path = "libPods-SocialSecurityUITests.a"; sourceTree = BUILT_PRODUCTS_DIR; };
		8EFF4114A5B5C20CCB943206 /* Pods-SocialSecurity.debug.xcconfig */ = {isa = PBXFileReference; includeInIndex = 1; lastKnownFileType = text.xcconfig; name = "Pods-SocialSecurity.debug.xcconfig"; path = "Pods/Target Support Files/Pods-SocialSecurity/Pods-SocialSecurity.debug.xcconfig"; sourceTree = "<group>"; };
		9882C480076C89849A9FF7EB /* Pods-SocialSecurityUITests.debug.xcconfig */ = {isa = PBXFileReference; includeInIndex = 1; lastKnownFileType = text.xcconfig; name = "Pods-SocialSecurityUITests.debug.xcconfig"; path = "Pods/Target Support Files/Pods-SocialSecurityUITests/Pods-SocialSecurityUITests.debug.xcconfig"; sourceTree = "<group>"; };
		9A1764171355A8EF373AF337 /* Pods-SocialSecurityTests.release.xcconfig */ = {isa = PBXFileReference; includeInIndex = 1; lastKnownFileType = text.xcconfig; name = "Pods-SocialSecurityTests.release.xcconfig"; path = "Pods/Target Support Files/Pods-SocialSecurityTests/Pods-SocialSecurityTests.release.xcconfig"; sourceTree = "<group>"; };
		CB3C229430D913CD705F6BFF /* libPods-SocialSecurityTests.a */ = {isa = PBXFileReference; explicitFileType = archive.ar; includeInIndex = 0; path = "libPods-SocialSecurityTests.a"; sourceTree = BUILT_PRODUCTS_DIR; };
		DE33F3DE18CA2332D8540299 /* libPods-SocialSecurity.a */ = {isa = PBXFileReference; explicitFileType = archive.ar; includeInIndex = 0; path = "libPods-SocialSecurity.a"; sourceTree = BUILT_PRODUCTS_DIR; };
		F3B033C51C814F27008479B9 /* SocialSecurity.app */ = {isa = PBXFileReference; explicitFileType = wrapper.application; includeInIndex = 0; path = SocialSecurity.app; sourceTree = BUILT_PRODUCTS_DIR; };
		F3B033C91C814F27008479B9 /* main.m */ = {isa = PBXFileReference; lastKnownFileType = sourcecode.c.objc; path = main.m; sourceTree = "<group>"; };
		F3B033CB1C814F27008479B9 /* AppDelegate.h */ = {isa = PBXFileReference; lastKnownFileType = sourcecode.c.h; path = AppDelegate.h; sourceTree = "<group>"; };
		F3B033CC1C814F27008479B9 /* AppDelegate.m */ = {isa = PBXFileReference; lastKnownFileType = sourcecode.c.objc; path = AppDelegate.m; sourceTree = "<group>"; };
		F3B033CE1C814F27008479B9 /* ViewController.h */ = {isa = PBXFileReference; lastKnownFileType = sourcecode.c.h; path = ViewController.h; sourceTree = "<group>"; };
		F3B033CF1C814F27008479B9 /* ViewController.m */ = {isa = PBXFileReference; lastKnownFileType = sourcecode.c.objc; path = ViewController.m; sourceTree = "<group>"; };
		F3B033D21C814F27008479B9 /* Base */ = {isa = PBXFileReference; lastKnownFileType = file.storyboard; name = Base; path = Base.lproj/Main.storyboard; sourceTree = "<group>"; };
		F3B033D41C814F27008479B9 /* Assets.xcassets */ = {isa = PBXFileReference; lastKnownFileType = folder.assetcatalog; path = Assets.xcassets; sourceTree = "<group>"; };
		F3B033D71C814F27008479B9 /* Base */ = {isa = PBXFileReference; lastKnownFileType = file.storyboard; name = Base; path = Base.lproj/LaunchScreen.storyboard; sourceTree = "<group>"; };
		F3B033D91C814F27008479B9 /* Info.plist */ = {isa = PBXFileReference; lastKnownFileType = text.plist.xml; path = Info.plist; sourceTree = "<group>"; };
		F3B033DE1C814F27008479B9 /* SocialSecurityTests.xctest */ = {isa = PBXFileReference; explicitFileType = wrapper.cfbundle; includeInIndex = 0; path = SocialSecurityTests.xctest; sourceTree = BUILT_PRODUCTS_DIR; };
		F3B033E21C814F27008479B9 /* SocialSecurityTests.m */ = {isa = PBXFileReference; lastKnownFileType = sourcecode.c.objc; path = SocialSecurityTests.m; sourceTree = "<group>"; };
		F3B033E41C814F27008479B9 /* Info.plist */ = {isa = PBXFileReference; lastKnownFileType = text.plist.xml; path = Info.plist; sourceTree = "<group>"; };
		F3B033E91C814F27008479B9 /* SocialSecurityUITests.xctest */ = {isa = PBXFileReference; explicitFileType = wrapper.cfbundle; includeInIndex = 0; path = SocialSecurityUITests.xctest; sourceTree = BUILT_PRODUCTS_DIR; };
		F3B033ED1C814F27008479B9 /* SocialSecurityUITests.m */ = {isa = PBXFileReference; lastKnownFileType = sourcecode.c.objc; path = SocialSecurityUITests.m; sourceTree = "<group>"; };
		F3B033EF1C814F27008479B9 /* Info.plist */ = {isa = PBXFileReference; lastKnownFileType = text.plist.xml; path = Info.plist; sourceTree = "<group>"; };
/* End PBXFileReference section */

/* Begin PBXFrameworksBuildPhase section */
		F3B033C21C814F27008479B9 /* Frameworks */ = {
			isa = PBXFrameworksBuildPhase;
			buildActionMask = 2147483647;
			files = (
				ED98F0C77251C077B5B07E6E /* libPods-SocialSecurity.a in Frameworks */,
			);
			runOnlyForDeploymentPostprocessing = 0;
		};
		F3B033DB1C814F27008479B9 /* Frameworks */ = {
			isa = PBXFrameworksBuildPhase;
			buildActionMask = 2147483647;
			files = (
				4CAD7D487CC52DE15CDEE039 /* libPods-SocialSecurityTests.a in Frameworks */,
			);
			runOnlyForDeploymentPostprocessing = 0;
		};
		F3B033E61C814F27008479B9 /* Frameworks */ = {
			isa = PBXFrameworksBuildPhase;
			buildActionMask = 2147483647;
			files = (
				9E24F1D66E8B3882BF960211 /* libPods-SocialSecurityUITests.a in Frameworks */,
			);
			runOnlyForDeploymentPostprocessing = 0;
		};
/* End PBXFrameworksBuildPhase section */

/* Begin PBXGroup section */
		4D65A2A3E796F63C22A51861 /* Pods */ = {
			isa = PBXGroup;
			children = (
				8EFF4114A5B5C20CCB943206 /* Pods-SocialSecurity.debug.xcconfig */,
				0BAD873F34D5472C34116F7D /* Pods-SocialSecurity.release.xcconfig */,
				6D9894179DA1427BE07E617E /* Pods-SocialSecurityTests.debug.xcconfig */,
				9A1764171355A8EF373AF337 /* Pods-SocialSecurityTests.release.xcconfig */,
				9882C480076C89849A9FF7EB /* Pods-SocialSecurityUITests.debug.xcconfig */,
				536AA6965EA30B6DF5F18CDB /* Pods-SocialSecurityUITests.release.xcconfig */,
			);
			name = Pods;
			sourceTree = "<group>";
		};
		F3B033BC1C814F27008479B9 = {
			isa = PBXGroup;
			children = (
				F3B033C71C814F27008479B9 /* SocialSecurity */,
				F3B033E11C814F27008479B9 /* SocialSecurityTests */,
				F3B033EC1C814F27008479B9 /* SocialSecurityUITests */,
				F3B033C61C814F27008479B9 /* Products */,
				4D65A2A3E796F63C22A51861 /* Pods */,
				F4CE58DEBC18C202D688A8C6 /* Frameworks */,
			);
			sourceTree = "<group>";
		};
		F3B033C61C814F27008479B9 /* Products */ = {
			isa = PBXGroup;
			children = (
				F3B033C51C814F27008479B9 /* SocialSecurity.app */,
				F3B033DE1C814F27008479B9 /* SocialSecurityTests.xctest */,
				F3B033E91C814F27008479B9 /* SocialSecurityUITests.xctest */,
			);
			name = Products;
			sourceTree = "<group>";
		};
		F3B033C71C814F27008479B9 /* SocialSecurity */ = {
			isa = PBXGroup;
			children = (
				F3B033CB1C814F27008479B9 /* AppDelegate.h */,
				F3B033CC1C814F27008479B9 /* AppDelegate.m */,
				F3B033CE1C814F27008479B9 /* ViewController.h */,
				F3B033CF1C814F27008479B9 /* ViewController.m */,
				F3B033D11C814F27008479B9 /* Main.storyboard */,
				F3B033D41C814F27008479B9 /* Assets.xcassets */,
				F3B033D61C814F27008479B9 /* LaunchScreen.storyboard */,
				F3B033D91C814F27008479B9 /* Info.plist */,
				F3B033C81C814F27008479B9 /* Supporting Files */,
			);
			path = SocialSecurity;
			sourceTree = "<group>";
		};
		F3B033C81C814F27008479B9 /* Supporting Files */ = {
			isa = PBXGroup;
			children = (
				F3B033C91C814F27008479B9 /* main.m */,
			);
			name = "Supporting Files";
			sourceTree = "<group>";
		};
		F3B033E11C814F27008479B9 /* SocialSecurityTests */ = {
			isa = PBXGroup;
			children = (
				F3B033E21C814F27008479B9 /* SocialSecurityTests.m */,
				F3B033E41C814F27008479B9 /* Info.plist */,
			);
			path = SocialSecurityTests;
			sourceTree = "<group>";
		};
		F3B033EC1C814F27008479B9 /* SocialSecurityUITests */ = {
			isa = PBXGroup;
			children = (
				F3B033ED1C814F27008479B9 /* SocialSecurityUITests.m */,
				F3B033EF1C814F27008479B9 /* Info.plist */,
			);
			path = SocialSecurityUITests;
			sourceTree = "<group>";
		};
		F4CE58DEBC18C202D688A8C6 /* Frameworks */ = {
			isa = PBXGroup;
			children = (
				DE33F3DE18CA2332D8540299 /* libPods-SocialSecurity.a */,
				CB3C229430D913CD705F6BFF /* libPods-SocialSecurityTests.a */,
				8D9FBE17461896B1FFFB8F5C /* libPods-SocialSecurityUITests.a */,
			);
			name = Frameworks;
			sourceTree = "<group>";
		};
/* End PBXGroup section */

/* Begin PBXNativeTarget section */
		F3B033C41C814F27008479B9 /* SocialSecurity */ = {
			isa = PBXNativeTarget;
			buildConfigurationList = F3B033F21C814F27008479B9 /* Build configuration list for PBXNativeTarget "SocialSecurity" */;
			buildPhases = (
				F4143EDF3025A5AE42EE9D91 /* Check Pods Manifest.lock */,
				F3B033C11C814F27008479B9 /* Sources */,
				F3B033C21C814F27008479B9 /* Frameworks */,
				F3B033C31C814F27008479B9 /* Resources */,
				EB0ACA5DE756FB26AAC88212 /* Embed Pods Frameworks */,
				87F14B90C53677F8FF7AA898 /* Copy Pods Resources */,
			);
			buildRules = (
			);
			dependencies = (
			);
			name = SocialSecurity;
			productName = SocialSecurity;
			productReference = F3B033C51C814F27008479B9 /* SocialSecurity.app */;
			productType = "com.apple.product-type.application";
		};
		F3B033DD1C814F27008479B9 /* SocialSecurityTests */ = {
			isa = PBXNativeTarget;
			buildConfigurationList = F3B033F51C814F27008479B9 /* Build configuration list for PBXNativeTarget "SocialSecurityTests" */;
			buildPhases = (
				7F523E4B37246C12169084E7 /* Check Pods Manifest.lock */,
				F3B033DA1C814F27008479B9 /* Sources */,
				F3B033DB1C814F27008479B9 /* Frameworks */,
				F3B033DC1C814F27008479B9 /* Resources */,
				C3150D28710E5603FDE37BBA /* Embed Pods Frameworks */,
				8B5BB99C928C2F6D4A971FDD /* Copy Pods Resources */,
			);
			buildRules = (
			);
			dependencies = (
				F3B033E01C814F27008479B9 /* PBXTargetDependency */,
			);
			name = SocialSecurityTests;
			productName = SocialSecurityTests;
			productReference = F3B033DE1C814F27008479B9 /* SocialSecurityTests.xctest */;
			productType = "com.apple.product-type.bundle.unit-test";
		};
		F3B033E81C814F27008479B9 /* SocialSecurityUITests */ = {
			isa = PBXNativeTarget;
			buildConfigurationList = F3B033F81C814F27008479B9 /* Build configuration list for PBXNativeTarget "SocialSecurityUITests" */;
			buildPhases = (
				D6E1BF5A22B7FA960C61E9A5 /* Check Pods Manifest.lock */,
				F3B033E51C814F27008479B9 /* Sources */,
				F3B033E61C814F27008479B9 /* Frameworks */,
				F3B033E71C814F27008479B9 /* Resources */,
				80BC692E298F1339912E7C51 /* Copy Pods Resources */,
			);
			buildRules = (
			);
			dependencies = (
				F3B033EB1C814F27008479B9 /* PBXTargetDependency */,
			);
			name = SocialSecurityUITests;
			productName = SocialSecurityUITests;
			productReference = F3B033E91C814F27008479B9 /* SocialSecurityUITests.xctest */;
			productType = "com.apple.product-type.bundle.ui-testing";
		};
/* End PBXNativeTarget section */

/* Begin PBXProject section */
		F3B033BD1C814F27008479B9 /* Project object */ = {
			isa = PBXProject;
			attributes = {
				LastUpgradeCheck = 0720;
				ORGANIZATIONNAME = lixingdong;
				TargetAttributes = {
					F3B033C41C814F27008479B9 = {
						CreatedOnToolsVersion = 7.2.1;
					};
					F3B033DD1C814F27008479B9 = {
						CreatedOnToolsVersion = 7.2.1;
						TestTargetID = F3B033C41C814F27008479B9;
					};
					F3B033E81C814F27008479B9 = {
						CreatedOnToolsVersion = 7.2.1;
						TestTargetID = F3B033C41C814F27008479B9;
					};
				};
			};
			buildConfigurationList = F3B033C01C814F27008479B9 /* Build configuration list for PBXProject "SocialSecurity" */;
			compatibilityVersion = "Xcode 3.2";
			developmentRegion = English;
			hasScannedForEncodings = 0;
			knownRegions = (
				en,
				Base,
			);
			mainGroup = F3B033BC1C814F27008479B9;
			productRefGroup = F3B033C61C814F27008479B9 /* Products */;
			projectDirPath = "";
			projectRoot = "";
			targets = (
				F3B033C41C814F27008479B9 /* SocialSecurity */,
				F3B033DD1C814F27008479B9 /* SocialSecurityTests */,
				F3B033E81C814F27008479B9 /* SocialSecurityUITests */,
			);
		};
/* End PBXProject section */

/* Begin PBXResourcesBuildPhase section */
		F3B033C31C814F27008479B9 /* Resources */ = {
			isa = PBXResourcesBuildPhase;
			buildActionMask = 2147483647;
			files = (
				F3B033D81C814F27008479B9 /* LaunchScreen.storyboard in Resources */,
				F3B033D51C814F27008479B9 /* Assets.xcassets in Resources */,
				F3B033D31C814F27008479B9 /* Main.storyboard in Resources */,
			);
			runOnlyForDeploymentPostprocessing = 0;
		};
		F3B033DC1C814F27008479B9 /* Resources */ = {
			isa = PBXResourcesBuildPhase;
			buildActionMask = 2147483647;
			files = (
			);
			runOnlyForDeploymentPostprocessing = 0;
		};
		F3B033E71C814F27008479B9 /* Resources */ = {
			isa = PBXResourcesBuildPhase;
			buildActionMask = 2147483647;
			files = (
			);
			runOnlyForDeploymentPostprocessing = 0;
		};
/* End PBXResourcesBuildPhase section */

/* Begin PBXShellScriptBuildPhase section */
		7F523E4B37246C12169084E7 /* Check Pods Manifest.lock */ = {
			isa = PBXShellScriptBuildPhase;
			buildActionMask = 2147483647;
			files = (
			);
			inputPaths = (
			);
			name = "Check Pods Manifest.lock";
			outputPaths = (
			);
			runOnlyForDeploymentPostprocessing = 0;
			shellPath = /bin/sh;
			shellScript = "diff \"${PODS_ROOT}/../Podfile.lock\" \"${PODS_ROOT}/Manifest.lock\" > /dev/null\nif [[ $? != 0 ]] ; then\n    cat << EOM\nerror: The sandbox is not in sync with the Podfile.lock. Run 'pod install' or update your CocoaPods installation.\nEOM\n    exit 1\nfi\n";
			showEnvVarsInLog = 0;
		};
		80BC692E298F1339912E7C51 /* Copy Pods Resources */ = {
			isa = PBXShellScriptBuildPhase;
			buildActionMask = 2147483647;
			files = (
			);
			inputPaths = (
			);
			name = "Copy Pods Resources";
			outputPaths = (
			);
			runOnlyForDeploymentPostprocessing = 0;
			shellPath = /bin/sh;
			shellScript = "\"${SRCROOT}/Pods/Target Support Files/Pods-SocialSecurityUITests/Pods-SocialSecurityUITests-resources.sh\"\n";
			showEnvVarsInLog = 0;
		};
		87F14B90C53677F8FF7AA898 /* Copy Pods Resources */ = {
			isa = PBXShellScriptBuildPhase;
			buildActionMask = 2147483647;
			files = (
			);
			inputPaths = (
			);
			name = "Copy Pods Resources";
			outputPaths = (
			);
			runOnlyForDeploymentPostprocessing = 0;
			shellPath = /bin/sh;
			shellScript = "\"${SRCROOT}/Pods/Target Support Files/Pods-SocialSecurity/Pods-SocialSecurity-resources.sh\"\n";
			showEnvVarsInLog = 0;
		};
		8B5BB99C928C2F6D4A971FDD /* Copy Pods Resources */ = {
			isa = PBXShellScriptBuildPhase;
			buildActionMask = 2147483647;
			files = (
			);
			inputPaths = (
			);
			name = "Copy Pods Resources";
			outputPaths = (
			);
			runOnlyForDeploymentPostprocessing = 0;
			shellPath = /bin/sh;
			shellScript = "\"${SRCROOT}/Pods/Target Support Files/Pods-SocialSecurityTests/Pods-SocialSecurityTests-resources.sh\"\n";
			showEnvVarsInLog = 0;
		};
		C3150D28710E5603FDE37BBA /* Embed Pods Frameworks */ = {
			isa = PBXShellScriptBuildPhase;
			buildActionMask = 2147483647;
			files = (
			);
			inputPaths = (
			);
			name = "Embed Pods Frameworks";
			outputPaths = (
			);
			runOnlyForDeploymentPostprocessing = 0;
			shellPath = /bin/sh;
			shellScript = "\"${SRCROOT}/Pods/Target Support Files/Pods-SocialSecurityTests/Pods-SocialSecurityTests-frameworks.sh\"\n";
			showEnvVarsInLog = 0;
		};
		D6E1BF5A22B7FA960C61E9A5 /* Check Pods Manifest.lock */ = {
			isa = PBXShellScriptBuildPhase;
			buildActionMask = 2147483647;
			files = (
			);
			inputPaths = (
			);
			name = "Check Pods Manifest.lock";
			outputPaths = (
			);
			runOnlyForDeploymentPostprocessing = 0;
			shellPath = /bin/sh;
			shellScript = "diff \"${PODS_ROOT}/../Podfile.lock\" \"${PODS_ROOT}/Manifest.lock\" > /dev/null\nif [[ $? != 0 ]] ; then\n    cat << EOM\nerror: The sandbox is not in sync with the Podfile.lock. Run 'pod install' or update your CocoaPods installation.\nEOM\n    exit 1\nfi\n";
			showEnvVarsInLog = 0;
		};
		EB0ACA5DE756FB26AAC88212 /* Embed Pods Frameworks */ = {
			isa = PBXShellScriptBuildPhase;
			buildActionMask = 2147483647;
			files = (
			);
			inputPaths = (
			);
			name = "Embed Pods Frameworks";
			outputPaths = (
			);
			runOnlyForDeploymentPostprocessing = 0;
			shellPath = /bin/sh;
			shellScript = "\"${SRCROOT}/Pods/Target Support Files/Pods-SocialSecurity/Pods-SocialSecurity-frameworks.sh\"\n";
			showEnvVarsInLog = 0;
		};
		F4143EDF3025A5AE42EE9D91 /* Check Pods Manifest.lock */ = {
			isa = PBXShellScriptBuildPhase;
			buildActionMask = 2147483647;
			files = (
			);
			inputPaths = (
			);
			name = "Check Pods Manifest.lock";
			outputPaths = (
			);
			runOnlyForDeploymentPostprocessing = 0;
			shellPath = /bin/sh;
			shellScript = "diff \"${PODS_ROOT}/../Podfile.lock\" \"${PODS_ROOT}/Manifest.lock\" > /dev/null\nif [[ $? != 0 ]] ; then\n    cat << EOM\nerror: The sandbox is not in sync with the Podfile.lock. Run 'pod install' or update your CocoaPods installation.\nEOM\n    exit 1\nfi\n";
			showEnvVarsInLog = 0;
		};
/* End PBXShellScriptBuildPhase section */

/* Begin PBXSourcesBuildPhase section */
		F3B033C11C814F27008479B9 /* Sources */ = {
			isa = PBXSourcesBuildPhase;
			buildActionMask = 2147483647;
			files = (
				F3B033D01C814F27008479B9 /* ViewController.m in Sources */,
				F3B033CD1C814F27008479B9 /* AppDelegate.m in Sources */,
				F3B033CA1C814F27008479B9 /* main.m in Sources */,
			);
			runOnlyForDeploymentPostprocessing = 0;
		};
		F3B033DA1C814F27008479B9 /* Sources */ = {
			isa = PBXSourcesBuildPhase;
			buildActionMask = 2147483647;
			files = (
				F3B033E31C814F27008479B9 /* SocialSecurityTests.m in Sources */,
			);
			runOnlyForDeploymentPostprocessing = 0;
		};
		F3B033E51C814F27008479B9 /* Sources */ = {
			isa = PBXSourcesBuildPhase;
			buildActionMask = 2147483647;
			files = (
				F3B033EE1C814F27008479B9 /* SocialSecurityUITests.m in Sources */,
			);
			runOnlyForDeploymentPostprocessing = 0;
		};
/* End PBXSourcesBuildPhase section */

/* Begin PBXTargetDependency section */
		F3B033E01C814F27008479B9 /* PBXTargetDependency */ = {
			isa = PBXTargetDependency;
			target = F3B033C41C814F27008479B9 /* SocialSecurity */;
			targetProxy = F3B033DF1C814F27008479B9 /* PBXContainerItemProxy */;
		};
		F3B033EB1C814F27008479B9 /* PBXTargetDependency */ = {
			isa = PBXTargetDependency;
			target = F3B033C41C814F27008479B9 /* SocialSecurity */;
			targetProxy = F3B033EA1C814F27008479B9 /* PBXContainerItemProxy */;
		};
/* End PBXTargetDependency section */

/* Begin PBXVariantGroup section */
		F3B033D11C814F27008479B9 /* Main.storyboard */ = {
			isa = PBXVariantGroup;
			children = (
				F3B033D21C814F27008479B9 /* Base */,
			);
			name = Main.storyboard;
			sourceTree = "<group>";
		};
		F3B033D61C814F27008479B9 /* LaunchScreen.storyboard */ = {
			isa = PBXVariantGroup;
			children = (
				F3B033D71C814F27008479B9 /* Base */,
			);
			name = LaunchScreen.storyboard;
			sourceTree = "<group>";
		};
/* End PBXVariantGroup section */

/* Begin XCBuildConfiguration section */
		F3B033F01C814F27008479B9 /* Debug */ = {
			isa = XCBuildConfiguration;
			buildSettings = {
				ALWAYS_SEARCH_USER_PATHS = NO;
				CLANG_CXX_LANGUAGE_STANDARD = "gnu++0x";
				CLANG_CXX_LIBRARY = "libc++";
				CLANG_ENABLE_MODULES = YES;
				CLANG_ENABLE_OBJC_ARC = YES;
				CLANG_WARN_BOOL_CONVERSION = YES;
				CLANG_WARN_CONSTANT_CONVERSION = YES;
				CLANG_WARN_DIRECT_OBJC_ISA_USAGE = YES_ERROR;
				CLANG_WARN_EMPTY_BODY = YES;
				CLANG_WARN_ENUM_CONVERSION = YES;
				CLANG_WARN_INT_CONVERSION = YES;
				CLANG_WARN_OBJC_ROOT_CLASS = YES_ERROR;
				CLANG_WARN_UNREACHABLE_CODE = YES;
				CLANG_WARN__DUPLICATE_METHOD_MATCH = YES;
				"CODE_SIGN_IDENTITY[sdk=iphoneos*]" = "iPhone Developer";
				COPY_PHASE_STRIP = NO;
				DEBUG_INFORMATION_FORMAT = dwarf;
				ENABLE_STRICT_OBJC_MSGSEND = YES;
				ENABLE_TESTABILITY = YES;
				GCC_C_LANGUAGE_STANDARD = gnu99;
				GCC_DYNAMIC_NO_PIC = NO;
				GCC_NO_COMMON_BLOCKS = YES;
				GCC_OPTIMIZATION_LEVEL = 0;
				GCC_PREPROCESSOR_DEFINITIONS = (
					"DEBUG=1",
					"$(inherited)",
				);
				GCC_WARN_64_TO_32_BIT_CONVERSION = YES;
				GCC_WARN_ABOUT_RETURN_TYPE = YES_ERROR;
				GCC_WARN_UNDECLARED_SELECTOR = YES;
				GCC_WARN_UNINITIALIZED_AUTOS = YES_AGGRESSIVE;
				GCC_WARN_UNUSED_FUNCTION = YES;
				GCC_WARN_UNUSED_VARIABLE = YES;
				IPHONEOS_DEPLOYMENT_TARGET = 9.2;
				MTL_ENABLE_DEBUG_INFO = YES;
				ONLY_ACTIVE_ARCH = YES;
				SDKROOT = iphoneos;
			};
			name = Debug;
		};
		F3B033F11C814F27008479B9 /* Release */ = {
			isa = XCBuildConfiguration;
			buildSettings = {
				ALWAYS_SEARCH_USER_PATHS = NO;
				CLANG_CXX_LANGUAGE_STANDARD = "gnu++0x";
				CLANG_CXX_LIBRARY = "libc++";
				CLANG_ENABLE_MODULES = YES;
				CLANG_ENABLE_OBJC_ARC = YES;
				CLANG_WARN_BOOL_CONVERSION = YES;
				CLANG_WARN_CONSTANT_CONVERSION = YES;
				CLANG_WARN_DIRECT_OBJC_ISA_USAGE = YES_ERROR;
				CLANG_WARN_EMPTY_BODY = YES;
				CLANG_WARN_ENUM_CONVERSION = YES;
				CLANG_WARN_INT_CONVERSION = YES;
				CLANG_WARN_OBJC_ROOT_CLASS = YES_ERROR;
				CLANG_WARN_UNREACHABLE_CODE = YES;
				CLANG_WARN__DUPLICATE_METHOD_MATCH = YES;
				"CODE_SIGN_IDENTITY[sdk=iphoneos*]" = "iPhone Developer";
				COPY_PHASE_STRIP = NO;
				DEBUG_INFORMATION_FORMAT = "dwarf-with-dsym";
				ENABLE_NS_ASSERTIONS = NO;
				ENABLE_STRICT_OBJC_MSGSEND = YES;
				GCC_C_LANGUAGE_STANDARD = gnu99;
				GCC_NO_COMMON_BLOCKS = YES;
				GCC_WARN_64_TO_32_BIT_CONVERSION = YES;
				GCC_WARN_ABOUT_RETURN_TYPE = YES_ERROR;
				GCC_WARN_UNDECLARED_SELECTOR = YES;
				GCC_WARN_UNINITIALIZED_AUTOS = YES_AGGRESSIVE;
				GCC_WARN_UNUSED_FUNCTION = YES;
				GCC_WARN_UNUSED_VARIABLE = YES;
				IPHONEOS_DEPLOYMENT_TARGET = 9.2;
				MTL_ENABLE_DEBUG_INFO = NO;
				SDKROOT = iphoneos;
				VALIDATE_PRODUCT = YES;
			};
			name = Release;
		};
		F3B033F31C814F27008479B9 /* Debug */ = {
			isa = XCBuildConfiguration;
			baseConfigurationReference = 8EFF4114A5B5C20CCB943206 /* Pods-SocialSecurity.debug.xcconfig */;
			buildSettings = {
				ASSETCATALOG_COMPILER_APPICON_NAME = AppIcon;
				INFOPLIST_FILE = SocialSecurity/Info.plist;
				IPHONEOS_DEPLOYMENT_TARGET = 8.0;
				LD_RUNPATH_SEARCH_PATHS = "$(inherited) @executable_path/Frameworks";
				PRODUCT_BUNDLE_IDENTIFIER = com.lps.SocialSecurity;
				PRODUCT_NAME = "$(TARGET_NAME)";
			};
			name = Debug;
		};
		F3B033F41C814F27008479B9 /* Release */ = {
			isa = XCBuildConfiguration;
			baseConfigurationReference = 0BAD873F34D5472C34116F7D /* Pods-SocialSecurity.release.xcconfig */;
			buildSettings = {
				ASSETCATALOG_COMPILER_APPICON_NAME = AppIcon;
				INFOPLIST_FILE = SocialSecurity/Info.plist;
				IPHONEOS_DEPLOYMENT_TARGET = 8.0;
				LD_RUNPATH_SEARCH_PATHS = "$(inherited) @executable_path/Frameworks";
				PRODUCT_BUNDLE_IDENTIFIER = com.lps.SocialSecurity;
				PRODUCT_NAME = "$(TARGET_NAME)";
			};
			name = Release;
		};
		F3B033F61C814F27008479B9 /* Debug */ = {
			isa = XCBuildConfiguration;
			baseConfigurationReference = 6D9894179DA1427BE07E617E /* Pods-SocialSecurityTests.debug.xcconfig */;
			buildSettings = {
				BUNDLE_LOADER = "$(TEST_HOST)";
				INFOPLIST_FILE = SocialSecurityTests/Info.plist;
				LD_RUNPATH_SEARCH_PATHS = "$(inherited) @executable_path/Frameworks @loader_path/Frameworks";
				PRODUCT_BUNDLE_IDENTIFIER = com.lps.SocialSecurityTests;
				PRODUCT_NAME = "$(TARGET_NAME)";
				TEST_HOST = "$(BUILT_PRODUCTS_DIR)/SocialSecurity.app/SocialSecurity";
			};
			name = Debug;
		};
		F3B033F71C814F27008479B9 /* Release */ = {
			isa = XCBuildConfiguration;
			baseConfigurationReference = 9A1764171355A8EF373AF337 /* Pods-SocialSecurityTests.release.xcconfig */;
			buildSettings = {
				BUNDLE_LOADER = "$(TEST_HOST)";
				INFOPLIST_FILE = SocialSecurityTests/Info.plist;
				LD_RUNPATH_SEARCH_PATHS = "$(inherited) @executable_path/Frameworks @loader_path/Frameworks";
				PRODUCT_BUNDLE_IDENTIFIER = com.lps.SocialSecurityTests;
				PRODUCT_NAME = "$(TARGET_NAME)";
				TEST_HOST = "$(BUILT_PRODUCTS_DIR)/SocialSecurity.app/SocialSecurity";
			};
			name = Release;
		};
		F3B033F91C814F27008479B9 /* Debug */ = {
			isa = XCBuildConfiguration;
			baseConfigurationReference = 9882C480076C89849A9FF7EB /* Pods-SocialSecurityUITests.debug.xcconfig */;
			buildSettings = {
				INFOPLIST_FILE = SocialSecurityUITests/Info.plist;
				LD_RUNPATH_SEARCH_PATHS = "$(inherited) @executable_path/Frameworks @loader_path/Frameworks";
				PRODUCT_BUNDLE_IDENTIFIER = com.lps.SocialSecurityUITests;
				PRODUCT_NAME = "$(TARGET_NAME)";
				TEST_TARGET_NAME = SocialSecurity;
				USES_XCTRUNNER = YES;
			};
			name = Debug;
		};
		F3B033FA1C814F27008479B9 /* Release */ = {
			isa = XCBuildConfiguration;
			baseConfigurationReference = 536AA6965EA30B6DF5F18CDB /* Pods-SocialSecurityUITests.release.xcconfig */;
			buildSettings = {
				INFOPLIST_FILE = SocialSecurityUITests/Info.plist;
				LD_RUNPATH_SEARCH_PATHS = "$(inherited) @executable_path/Frameworks @loader_path/Frameworks";
				PRODUCT_BUNDLE_IDENTIFIER = com.lps.SocialSecurityUITests;
				PRODUCT_NAME = "$(TARGET_NAME)";
				TEST_TARGET_NAME = SocialSecurity;
				USES_XCTRUNNER = YES;
			};
			name = Release;
		};
/* End XCBuildConfiguration section */

/* Begin XCConfigurationList section */
		F3B033C01C814F27008479B9 /* Build configuration list for PBXProject "SocialSecurity" */ = {
			isa = XCConfigurationList;
			buildConfigurations = (
				F3B033F01C814F27008479B9 /* Debug */,
				F3B033F11C814F27008479B9 /* Release */,
			);
			defaultConfigurationIsVisible = 0;
			defaultConfigurationName = Release;
		};
		F3B033F21C814F27008479B9 /* Build configuration list for PBXNativeTarget "SocialSecurity" */ = {
			isa = XCConfigurationList;
			buildConfigurations = (
				F3B033F31C814F27008479B9 /* Debug */,
				F3B033F41C814F27008479B9 /* Release */,
			);
			defaultConfigurationIsVisible = 0;
			defaultConfigurationName = Release;
		};
		F3B033F51C814F27008479B9 /* Build configuration list for PBXNativeTarget "SocialSecurityTests" */ = {
			isa = XCConfigurationList;
			buildConfigurations = (
				F3B033F61C814F27008479B9 /* Debug */,
				F3B033F71C814F27008479B9 /* Release */,
			);
			defaultConfigurationIsVisible = 0;
			defaultConfigurationName = Release;
		};
		F3B033F81C814F27008479B9 /* Build configuration list for PBXNativeTarget "SocialSecurityUITests" */ = {
			isa = XCConfigurationList;
			buildConfigurations = (
				F3B033F91C814F27008479B9 /* Debug */,
				F3B033FA1C814F27008479B9 /* Release */,
			);
			defaultConfigurationIsVisible = 0;
			defaultConfigurationName = Release;
		};
/* End XCConfigurationList section */
	};
	rootObject = F3B033BD1C814F27008479B9 /* Project object */;
}
